
Microsoft Visual Studio Solution File, Format Version 12.00
# Visual Studio Version 17
VisualStudioVersion = 17.4.33110.190
MinimumVisualStudioVersion = 10.0.40219.1
Project("{FAE04EC0-301F-11D3-BF4B-00C04F79EFBC}") = "veter", "veter.csproj", "{A7EA0737-A42C-4AC3-A372-2B1EC6AD208A}"
EndProject
Global
	GlobalSection(SolutionConfigurationPlatforms) = preSolution
		Debug|Any CPU = Debug|Any CPU
		Release|Any CPU = Release|Any CPU
	EndGlobalSection
	GlobalSection(ProjectConfigurationPlatforms) = postSolution
		{A7EA0737-A42C-4AC3-A372-2B1EC6AD208A}.Debug|Any CPU.ActiveCfg = Debug|Any CPU
		{A7EA0737-A42C-4AC3-A372-2B1EC6AD208A}.Debug|Any CPU.Build.0 = Debug|Any CPU
		{A7EA0737-A42C-4AC3-A372-2B1EC6AD208A}.Release|Any CPU.ActiveCfg = Release|Any CPU
		{A7EA0737-A42C-4AC3-A372-2B1EC6AD208A}.Release|Any CPU.Build.0 = Release|Any CPU
	EndGlobalSection
	GlobalSection(SolutionProperties) = preSolution
		HideSolutionNode = FALSE
	EndGlobalSection
	GlobalSection(ExtensibilityGlobals) = postSolution
		SolutionGuid = {F89A5DEF-9AF3-43C8-8211-ADA2FF8E8BC3}
	EndGlobalSection
EndGlobal
